
Microsoft Visual Studio Solution File, Format Version 12.00
# Visual Studio Version 17
VisualStudioVersion = 17.8.34601.278
MinimumVisualStudioVersion = 10.0.40219.1
Project("{9A19103F-16F7-4668-BE54-9A1E7A4F7556}") = "The Handyman Of Cape Cod", "The Handyman Of Cape Cod\The Handyman Of Cape Cod.csproj", "{53CF856C-7D3C-483A-A70D-EFDA5798CCB2}"
EndProject
Project("{9A19103F-16F7-4668-BE54-9A1E7A4F7556}") = "TheHandymanOfCapeCod.Core", "TheHandymanOfCapeCod.Core\TheHandymanOfCapeCod.Core.csproj", "{49B825A1-9CC1-4304-895B-D9D795901BD7}"
EndProject
Project("{9A19103F-16F7-4668-BE54-9A1E7A4F7556}") = "TheHandymanOfCapeCod.Infrastructure", "TheHandymanOfCapeCod.Infrastructure\TheHandymanOfCapeCod.Infrastructure.csproj", "{59B66B89-BD6E-4C08-8628-A711536E2713}"
EndProject
Project("{FAE04EC0-301F-11D3-BF4B-00C04F79EFBC}") = "TheHandymanOfCapeCod.Tests", "TheHandymanOfCapeCod.Tests\TheHandymanOfCapeCod.Tests.csproj", "{5436F691-D8C9-4135-AEC3-29CD0DF2A608}"
EndProject
Global
	GlobalSection(SolutionConfigurationPlatforms) = preSolution
		Debug|Any CPU = Debug|Any CPU
		Release|Any CPU = Release|Any CPU
	EndGlobalSection
	GlobalSection(ProjectConfigurationPlatforms) = postSolution
		{53CF856C-7D3C-483A-A70D-EFDA5798CCB2}.Debug|Any CPU.ActiveCfg = Debug|Any CPU
		{53CF856C-7D3C-483A-A70D-EFDA5798CCB2}.Debug|Any CPU.Build.0 = Debug|Any CPU
		{53CF856C-7D3C-483A-A70D-EFDA5798CCB2}.Release|Any CPU.ActiveCfg = Release|Any CPU
		{53CF856C-7D3C-483A-A70D-EFDA5798CCB2}.Release|Any CPU.Build.0 = Release|Any CPU
		{49B825A1-9CC1-4304-895B-D9D795901BD7}.Debug|Any CPU.ActiveCfg = Debug|Any CPU
		{49B825A1-9CC1-4304-895B-D9D795901BD7}.Debug|Any CPU.Build.0 = Debug|Any CPU
		{49B825A1-9CC1-4304-895B-D9D795901BD7}.Release|Any CPU.ActiveCfg = Release|Any CPU
		{49B825A1-9CC1-4304-895B-D9D795901BD7}.Release|Any CPU.Build.0 = Release|Any CPU
		{59B66B89-BD6E-4C08-8628-A711536E2713}.Debug|Any CPU.ActiveCfg = Debug|Any CPU
		{59B66B89-BD6E-4C08-8628-A711536E2713}.Debug|Any CPU.Build.0 = Debug|Any CPU
		{59B66B89-BD6E-4C08-8628-A711536E2713}.Release|Any CPU.ActiveCfg = Release|Any CPU
		{59B66B89-BD6E-4C08-8628-A711536E2713}.Release|Any CPU.Build.0 = Release|Any CPU
		{5436F691-D8C9-4135-AEC3-29CD0DF2A608}.Debug|Any CPU.ActiveCfg = Debug|Any CPU
		{5436F691-D8C9-4135-AEC3-29CD0DF2A608}.Debug|Any CPU.Build.0 = Debug|Any CPU
		{5436F691-D8C9-4135-AEC3-29CD0DF2A608}.Release|Any CPU.ActiveCfg = Release|Any CPU
		{5436F691-D8C9-4135-AEC3-29CD0DF2A608}.Release|Any CPU.Build.0 = Release|Any CPU
	EndGlobalSection
	GlobalSection(SolutionProperties) = preSolution
		HideSolutionNode = FALSE
	EndGlobalSection
	GlobalSection(ExtensibilityGlobals) = postSolution
		SolutionGuid = {D555E1D1-2972-4644-B135-85F161094088}
	EndGlobalSection
EndGlobal
