
Microsoft Visual Studio Solution File, Format Version 12.00
# Visual Studio Version 17
VisualStudioVersion = 17.8.34601.278
MinimumVisualStudioVersion = 10.0.40219.1
Project("{9A19103F-16F7-4668-BE54-9A1E7A4F7556}") = "TheHandymanOfCapeCod.Web", "The Handyman Of Cape Cod\TheHandymanOfCapeCod.Web.csproj", "{53CF856C-7D3C-483A-A70D-EFDA5798CCB2}"
EndProject
Project("{9A19103F-16F7-4668-BE54-9A1E7A4F7556}") = "TheHandymanOfCapeCod.Core", "TheHandymanOfCapeCod.Core\TheHandymanOfCapeCod.Core.csproj", "{49B825A1-9CC1-4304-895B-D9D795901BD7}"
EndProject
Project("{9A19103F-16F7-4668-BE54-9A1E7A4F7556}") = "TheHandymanOfCapeCod.Infrastructure", "TheHandymanOfCapeCod.Infrastructure\TheHandymanOfCapeCod.Infrastructure.csproj", "{59B66B89-BD6E-4C08-8628-A711536E2713}"
EndProject
Project("{9A19103F-16F7-4668-BE54-9A1E7A4F7556}") = "TheHandymanOfCapeCod.Tests", "TheHandymanOfCapeCod.Tests\TheHandymanOfCapeCod.Tests.csproj", "{32EC52DB-6B00-47DA-A3AB-CE8189C20398}"
	ProjectSection(ProjectDependencies) = postProject
		{49B825A1-9CC1-4304-895B-D9D795901BD7} = {49B825A1-9CC1-4304-895B-D9D795901BD7}
		{59B66B89-BD6E-4C08-8628-A711536E2713} = {59B66B89-BD6E-4C08-8628-A711536E2713}
	EndProjectSection
EndProject
Global
	GlobalSection(SolutionConfigurationPlatforms) = preSolution
		Debug|Any CPU = Debug|Any CPU
		Release|Any CPU = Release|Any CPU
	EndGlobalSection
	GlobalSection(ProjectConfigurationPlatforms) = postSolution
		{53CF856C-7D3C-483A-A70D-EFDA5798CCB2}.Debug|Any CPU.ActiveCfg = Debug|Any CPU
		{53CF856C-7D3C-483A-A70D-EFDA5798CCB2}.Debug|Any CPU.Build.0 = Debug|Any CPU
		{53CF856C-7D3C-483A-A70D-EFDA5798CCB2}.Release|Any CPU.ActiveCfg = Release|Any CPU
		{53CF856C-7D3C-483A-A70D-EFDA5798CCB2}.Release|Any CPU.Build.0 = Release|Any CPU
		{49B825A1-9CC1-4304-895B-D9D795901BD7}.Debug|Any CPU.ActiveCfg = Debug|Any CPU
		{49B825A1-9CC1-4304-895B-D9D795901BD7}.Debug|Any CPU.Build.0 = Debug|Any CPU
		{49B825A1-9CC1-4304-895B-D9D795901BD7}.Release|Any CPU.ActiveCfg = Release|Any CPU
		{49B825A1-9CC1-4304-895B-D9D795901BD7}.Release|Any CPU.Build.0 = Release|Any CPU
		{59B66B89-BD6E-4C08-8628-A711536E2713}.Debug|Any CPU.ActiveCfg = Debug|Any CPU
		{59B66B89-BD6E-4C08-8628-A711536E2713}.Debug|Any CPU.Build.0 = Debug|Any CPU
		{59B66B89-BD6E-4C08-8628-A711536E2713}.Release|Any CPU.ActiveCfg = Release|Any CPU
		{59B66B89-BD6E-4C08-8628-A711536E2713}.Release|Any CPU.Build.0 = Release|Any CPU
		{32EC52DB-6B00-47DA-A3AB-CE8189C20398}.Debug|Any CPU.ActiveCfg = Debug|Any CPU
		{32EC52DB-6B00-47DA-A3AB-CE8189C20398}.Debug|Any CPU.Build.0 = Debug|Any CPU
		{32EC52DB-6B00-47DA-A3AB-CE8189C20398}.Release|Any CPU.ActiveCfg = Release|Any CPU
		{32EC52DB-6B00-47DA-A3AB-CE8189C20398}.Release|Any CPU.Build.0 = Release|Any CPU
	EndGlobalSection
	GlobalSection(SolutionProperties) = preSolution
		HideSolutionNode = FALSE
	EndGlobalSection
	GlobalSection(ExtensibilityGlobals) = postSolution
		SolutionGuid = {D555E1D1-2972-4644-B135-85F161094088}
	EndGlobalSection
EndGlobal
